
Microsoft Visual Studio Solution File, Format Version 12.00
# Visual Studio Version 16
VisualStudioVersion = 16.0.30907.101
MinimumVisualStudioVersion = 10.0.40219.1
Project("{FAE04EC0-301F-11D3-BF4B-00C04F79EFBC}") = "WindowsFormsApp1", "WindowsFormsApp1\WindowsFormsApp1.csproj", "{8FBCCEE3-BE47-4A99-ABEE-E162F6CF3263}"
EndProject
Global
	GlobalSection(SolutionConfigurationPlatforms) = preSolution
		Debug|Any CPU = Debug|Any CPU
		Release|Any CPU = Release|Any CPU
	EndGlobalSection
	GlobalSection(ProjectConfigurationPlatforms) = postSolution
		{8FBCCEE3-BE47-4A99-ABEE-E162F6CF3263}.Debug|Any CPU.ActiveCfg = Debug|Any CPU
		{8FBCCEE3-BE47-4A99-ABEE-E162F6CF3263}.Debug|Any CPU.Build.0 = Debug|Any CPU
		{8FBCCEE3-BE47-4A99-ABEE-E162F6CF3263}.Release|Any CPU.ActiveCfg = Release|Any CPU
		{8FBCCEE3-BE47-4A99-ABEE-E162F6CF3263}.Release|Any CPU.Build.0 = Release|Any CPU
	EndGlobalSection
	GlobalSection(SolutionProperties) = preSolution
		HideSolutionNode = FALSE
	EndGlobalSection
	GlobalSection(ExtensibilityGlobals) = postSolution
		SolutionGuid = {8EC1B5A6-DEE4-4ABE-8C3F-A0933723E4B1}
	EndGlobalSection
EndGlobal
